ariga.io/atlas v0.12.0 h1:jDfjxT3ppKhzqLS26lZv9ni7p9TVNrhy7SQquaF7bPs=
ariga.io/atlas v0.12.0/go.mod h1:+TR129FJZ5Lvzms6dvCeGWh1yR6hMvmXBhug4hrNIGk=
entgo.io/ent v0.12.3 h1:N5lO2EOrHpCH5HYfiMOCHYbo+oh5M8GjT0/cx5x6xkk=
entgo.io/ent v0.12.3/go.mod h1:AigGGx+tbrBBYHAzGOg8ND661E5cxx1Uiu5o/otJ6Yg=
github.com/DATA-DOG/go-sqlmock v1.5.0 h1:Shsta01QNfFxHCfpW6YH2STWB0MudeXXEWMr20OEh60=
github.com/agext/levenshtein v1.2.3 h1:YB2fHEn0UJagG8T1rrWknE3ZQzWM06O8AMAatNn7lmo=
github.com/agext/levenshtein v1.2.3/go.mod h1:JEDfjyjHDjOF/1e4FlBE/PkbqA9OfWu2ki2W0IB5558=
github.com/apparentlymart/go-dump v0.0.0-20180507223929-23540a00eaa3/go.mod h1:oL81AME2rN47vu18xqj1S1jPIPuN7afo62yKTNn3XMM=
github.com/apparentlymart/go-textseg/v13 v13.0.0 h1:Y+KvPE1NYz0xl601PVImeQfFyEy6iT90AvPUL1NNfNw=
github.com/apparentlymart/go-textseg/v13 v13.0.0/go.mod h1:ZK2fH7c4NqDTLtiYLvIkEghdlcqw7yxLeM89kiTRPUo=
github.com/bufbuild/connect-go v1.8.0 h1:srluNkFkZBfSfg9Qb6DrO+5nMaxix//h2ctrHZhMGKc=
github.com/bufbuild/connect-go v1.8.0/go.mod h1:GmMJYR6orFqD0Y6ZgX8pwQ8j9baizDrIQMm1/a6LnHk=
github.com/bwmarrin/discordgo v0.27.1 h1:ib9AIc/dom1E/fSIulrBwnez0CToJE113ZGt4HoliGY=
github.com/bwmarrin/discordgo v0.27.1/go.mod h1:NJZpH+1AfhIcyQsPeuBKsUtYrRnjkyu0kIVMCHkZtRY=
github.com/davecgh/go-spew v1.1.1 h1:vj9j/u1bqnvCEfJOwUhtlOARqs3+rkHYY13jYWTU97c=
github.com/davecgh/go-spew v1.1.1/go.mod h1:J7Y8YcW2NihsgmVo/mv3lAwl/skON4iLHjSsI+c5H38=
github.com/getsentry/sentry-go v0.21.0 h1:c9l5F1nPF30JIppulk4veau90PK6Smu3abgVtVQWon4=
github.com/getsentry/sentry-go v0.21.0/go.mod h1:lc76E2QywIyW8WuBnwl8Lc4bkmQH4+w1gwTf25trprY=
github.com/getsentry/sentry-go v0.22.0 h1:XNX9zKbv7baSEI65l+H1GEJgSeIC1c7EN5kluWaP6dM=
github.com/getsentry/sentry-go v0.22.0/go.mod h1:lc76E2QywIyW8WuBnwl8Lc4bkmQH4+w1gwTf25trprY=
github.com/go-errors/errors v1.4.2 h1:J6MZopCL4uSllY1OfXM374weqZFFItUbrImctkmUxIA=
github.com/go-openapi/inflect v0.19.0 h1:9jCH9scKIbHeV9m12SmPilScz6krDxKRasNNSNPXu/4=
github.com/go-openapi/inflect v0.19.0/go.mod h1:lHpZVlpIQqLyKwJ4N+YSc9hchQy/i12fJykb83CRBH4=
github.com/go-test/deep v1.0.3 h1:ZrJSEWsXzPOxaZnFteGEfooLba+ju3FYIbOrS+rQd68=
github.com/go-test/deep v1.0.3/go.mod h1:wGDj63lr65AM2AQyKZd/NYHGb0R+1RLqB8NKt3aSFNA=
github.com/golang/protobuf v1.5.0/go.mod h1:FsONVRAS9T7sI+LIUmWTfcYkHO4aIWwzhcaSAoJOfIk=
github.com/google/go-cmp v0.5.5/go.mod h1:v8dTdLbMG2kIc/vJvl+f65V22dbkXbowE6jgT/gNBxE=
github.com/google/go-cmp v0.5.9 h1:O2Tfq5qg4qc4AmwVlvv0oLiVAGB7enBSJ2x2DqQFi38=
github.com/google/go-cmp v0.5.9/go.mod h1:17dUlkBOakJ0+DkrSSNjCkIjxS6bF9zb3elmeNGIjoY=
github.com/google/uuid v1.3.0 h1:t6JiXgmwXMjEs8VusXIJk2BXHsn+wx8BZdTaoZ5fu7I=
github.com/google/uuid v1.3.0/go.mod h1:TIyPZe4MgqvfeYDBFedMoGGpEw/LqOeaOT+nhxU+yHo=
github.com/gorilla/websocket v1.4.2/go.mod h1:YR8l580nyteQvAITg2hZ9XVh4b55+EU/adAjf1fMHhE=
github.com/gorilla/websocket v1.5.0 h1:PPwGk2jz7EePpoHN/+ClbZu8SPxiqlu12wZP/3sWmnc=
github.com/gorilla/websocket v1.5.0/go.mod h1:YR8l580nyteQvAITg2hZ9XVh4b55+EU/adAjf1fMHhE=
github.com/hashicorp/hcl/v2 v2.17.0 h1:z1XvSUyXd1HP10U4lrLg5e0JMVz6CPaJvAgxM0KNZVY=
github.com/hashicorp/hcl/v2 v2.17.0/go.mod h1:gJyW2PTShkJqQBKpAmPO3yxMxIuoXkOF2TpqXzrQyx4=
github.com/kr/pretty v0.1.0 h1:L/CwN0zerZDmRFUapSPitk6f+Q3+0za1rQkzVuMiMFI=
github.com/kr/pretty v0.1.0/go.mod h1:dAy3ld7l9f0ibDNOQOHHMYYIIbhfbHSm3C4ZsoJORNo=
github.com/kr/text v0.2.0 h1:5Nx0Ya0ZqY2ygV366QzturHI13Jq95ApcVaJBhpS+AY=
github.com/kylelemons/godebug v0.0.0-20170820004349-d65d576e9348 h1:MtvEpTB6LX3vkb4ax0b5D2DHbNAUsen0Gx5wZoq3lV4=
github.com/kylelemons/godebug v0.0.0-20170820004349-d65d576e9348/go.mod h1:B69LEHPfb2qLo0BaaOLcbitczOKLWTsrBG9LczfCD4k=
github.com/mattn/go-sqlite3 v1.14.17 h1:mCRHCLDUBXgpKAqIKsaAaAsrAlbkeomtRFKXh2L6YIM=
github.com/mattn/go-sqlite3 v1.14.17/go.mod h1:2eHXhiwb8IkHr+BDWZGa96P6+rkvnG63S2DGjv9HUNg=
github.com/mitchellh/go-wordwrap v1.0.1 h1:TLuKupo69TCn6TQSyGxwI1EblZZEsQ0vMlAFQflz0v0=
github.com/mitchellh/go-wordwrap v1.0.1/go.mod h1:R62XHJLzvMFRBbcrT7m7WgmE1eOyTSsCt+hzestvNj0=
github.com/pingcap/errors v0.11.4 h1:lFuQV/oaUMGcD2tqt+01ROSmJs75VG1ToEOkZIZ4nE4=
github.com/pkg/errors v0.9.1 h1:FEBLx1zS214owpjy7qsBeixbURkuhQAwrK5UwLGTwt4=
github.com/pmezard/go-difflib v1.0.0 h1:4DBwDE0NGyQoBHbLQYPwSUPoCMWR5BEzIk/f1lZbAQM=
github.com/pmezard/go-difflib v1.0.0/go.mod h1:iKH77koFhYxTK1pcRnkKkqfTogsbg7gZNVY4sRDYZ/4=
github.com/robfig/cron/v3 v3.0.1 h1:WdRxkvbJztn8LMz/QEvLN5sBU+xKpSqwwUO1Pjr4qDs=
github.com/robfig/cron/v3 v3.0.1/go.mod h1:eQICP3HwyT7UooqI/z+Ov+PtYAWygg1TEWWzGIFLtro=
github.com/sergi/go-diff v1.0.0 h1:Kpca3qRNrduNnOQeazBd0ysaKrUJiIuISHxogkT9RPQ=
github.com/sergi/go-diff v1.0.0/go.mod h1:0CfEIISq7TuYL3j771MWULgwwjU+GofnZX9QAmXWZgo=
github.com/stretchr/testify v1.8.2 h1:+h33VjcLVPDHtOdpUCuF+7gSuG3yGIftsP1YvFihtJ8=
github.com/zclconf/go-cty v1.13.2 h1:4GvrUxe/QUDYuJKAav4EYqdM47/kZa672LwmXFmEKT0=
github.com/zclconf/go-cty v1.13.2/go.mod h1:YKQzy/7pZ7iq2jNFzy5go57xdxdWoLLpaEp4u238AE0=
github.com/zclconf/go-cty-debug v0.0.0-20191215020915-b22d67c1ba0b/go.mod h1:ZRKQfBXbGkpdV6QMzT3rU1kSTAnfu1dO8dPKjYprgj8=
golang.org/x/crypto v0.0.0-20210421170649-83a5a9bb288b/go.mod h1:T9bdIzuCu7OtxOm1hfPfRQxPLYneinmdGuTeoZ9dtd4=
golang.org/x/crypto v0.9.0 h1:LF6fAI+IutBocDJ2OT0Q1g8plpYljMZ4+lty+dsqw3g=
golang.org/x/crypto v0.9.0/go.mod h1:yrmDGqONDYtNj3tH8X9dzUun2m2lzPa9ngI6/RUPGR0=
golang.org/x/crypto v0.10.0 h1:LKqV2xt9+kDzSTfOhx4FrkEBcMrAgHSYgzywV9zcGmM=
golang.org/x/crypto v0.10.0/go.mod h1:o4eNf7Ede1fv+hwOwZsTHl9EsPFO6q6ZvYR8vYfY45I=
golang.org/x/mod v0.10.0 h1:lFO9qtOdlre5W1jxS3r/4szv2/6iXxScdzjoBMXNhYk=
golang.org/x/mod v0.10.0/go.mod h1:iBbtSCu2XBx23ZKBPSOrRkjjQPZFPuis4dIYUhu/chs=
golang.org/x/mod v0.11.0 h1:bUO06HqtnRcc/7l71XBe4WcqTZ+3AH1J59zWDDwLKgU=
golang.org/x/mod v0.11.0/go.mod h1:iBbtSCu2XBx23ZKBPSOrRkjjQPZFPuis4dIYUhu/chs=
golang.org/x/net v0.0.0-20210226172049-e18ecbb05110/go.mod h1:m0MpNAwzfU5UDzcl9v0D8zg8gWTRqZa9RBIspLL5mdg=
golang.org/x/net v0.10.0 h1:X2//UzNDwYmtCLn7To6G58Wr6f5ahEAQgKNzv9Y951M=
golang.org/x/net v0.10.0/go.mod h1:0qNGK6F8kojg2nk9dLZ2mShWaEBan6FAoqfSigmmuDg=
golang.org/x/net v0.11.0 h1:Gi2tvZIJyBtO9SDr1q9h5hEQCp/4L2RQ+ar0qjx2oNU=
golang.org/x/net v0.11.0/go.mod h1:2L/ixqYpgIVXmeoSA/4Lu7BzTG4KIyPIryS4IsOd1oQ=
golang.org/x/sys v0.0.0-20201119102817-f84b799fce68/go.mod h1:h1NjWce9XRLGQEsW7wpKNCjG9DtNlClVuFLEZdDNbEs=
golang.org/x/sys v0.9.0 h1:KS/R3tvhPqvJvwcKfnBHJwwthS11LRhmM5D59eEXa0s=
golang.org/x/sys v0.9.0/go.mod h1:oPkhp1MJrh7nUepCBck5+mAzfO9JrbApNNgaTdGDITg=
golang.org/x/term v0.0.0-20201126162022-7de9c90e9dd1/go.mod h1:bj7SfCRtBDWHUb9snDiAeCFNEtKQo2Wmx5Cou7ajbmo=
golang.org/x/text v0.3.3/go.mod h1:5Zoc/QRtKVWzQhOtBMvqHzDpF6irO9z98xDceosuGiQ=
golang.org/x/text v0.10.0 h1:UpjohKhiEgNc0CSauXmwYftY1+LlaC75SJwh0SgCX58=
golang.org/x/text v0.10.0/go.mod h1:TvPlkZtksWOMsz7fbANvkp4WM8x/WCo/om8BMLbz+aE=
golang.org/x/tools v0.0.0-20180917221912-90fa682c2a6e/go.mod h1:n7NCudcB/nEzxVGmLbDWY5pfWTLqBcC2KZ6jyYvM4mQ=
golang.org/x/xerrors v0.0.0-20191204190536-9bdfabe68543/go.mod h1:I/5z698sn9Ka8TeJc9MKroUUfqBBauWjQqLJ2OPfmY0=
google.golang.org/protobuf v1.26.0-rc.1/go.mod h1:jlhhOSvTdKEhbULTjvd4ARK9grFBp09yW+WbY/TyQbw=
google.golang.org/protobuf v1.30.0 h1:kPPoIgf3TsEvrm0PFe15JQ+570QVxYzEvvHqChK+cng=
google.golang.org/protobuf v1.30.0/go.mod h1:HV8QOd/L58Z+nl8r43ehVNZIU/HEI6OcFqwMG9pJV4I=
gopkg.in/yaml.v3 v3.0.1 h1:fxVm/GzAzEWqLHuvctI91KS9hhNmmWOoWu0XTYJS7CA=
