# Generated by buf. DO NOT EDIT.
version: v1
deps:
  - remote: buf.build
    owner: kbotdev
    repository: types
    commit: 4e2dad91cbb9481d8a63a7936400565d
    digest: shake256:968244aa7306772356d038848bb59c464fa05a5d808c89d9557c7ce3c3259a3a828991445dbbe988e8cc9cd009b6b0306500a0cd22f4d56f7e349da0f8bb17e0
